
Microsoft Visual Studio Solution File, Format Version 12.00
# Visual Studio Version 17
VisualStudioVersion = 17.1.32407.343
MinimumVisualStudioVersion = 10.0.40219.1
Project("{FAE04EC0-301F-11D3-BF4B-00C04F79EFBC}") = "Ejercicio", "Ejercicio.csproj", "{E8998344-A45B-4B65-B147-2B661A1CDB6A}"
EndProject
Global
	GlobalSection(SolutionConfigurationPlatforms) = preSolution
		Debug|Any CPU = Debug|Any CPU
		Release|Any CPU = Release|Any CPU
	EndGlobalSection
	GlobalSection(ProjectConfigurationPlatforms) = postSolution
		{E8998344-A45B-4B65-B147-2B661A1CDB6A}.Debug|Any CPU.ActiveCfg = Debug|Any CPU
		{E8998344-A45B-4B65-B147-2B661A1CDB6A}.Debug|Any CPU.Build.0 = Debug|Any CPU
		{E8998344-A45B-4B65-B147-2B661A1CDB6A}.Release|Any CPU.ActiveCfg = Release|Any CPU
		{E8998344-A45B-4B65-B147-2B661A1CDB6A}.Release|Any CPU.Build.0 = Release|Any CPU
	EndGlobalSection
	GlobalSection(SolutionProperties) = preSolution
		HideSolutionNode = FALSE
	EndGlobalSection
	GlobalSection(ExtensibilityGlobals) = postSolution
		SolutionGuid = {297A3E6D-013E-4613-8946-2F1FD06F109F}
	EndGlobalSection
EndGlobal
